
Microsoft Visual Studio Solution File, Format Version 12.00
# Visual Studio Version 17
VisualStudioVersion = 17.14.36518.9 d17.14
MinimumVisualStudioVersion = 10.0.40219.1
Project("{FAE04EC0-301F-11D3-BF4B-00C04F79EFBC}") = "WeatherServer", "WeatherServer\WeatherServer.csproj", "{7D98BE6B-15D8-41EE-A5E4-8A70BB1137E2}"
EndProject
Project("{FAE04EC0-301F-11D3-BF4B-00C04F79EFBC}") = "WeatherAdmin", "WeatherAdmin\WeatherAdmin.csproj", "{3BEAD2F9-A87F-4CF3-B9D2-E966352B3FEB}"
EndProject
Project("{FAE04EC0-301F-11D3-BF4B-00C04F79EFBC}") = "WeatherUser", "WeatherUser\WeatherUser.csproj", "{B8F46DF0-239A-43C4-AC40-61625A7DC1E5}"
EndProject
Global
	GlobalSection(SolutionConfigurationPlatforms) = preSolution
		Debug|Any CPU = Debug|Any CPU
		Release|Any CPU = Release|Any CPU
	EndGlobalSection
	GlobalSection(ProjectConfigurationPlatforms) = postSolution
		{7D98BE6B-15D8-41EE-A5E4-8A70BB1137E2}.Debug|Any CPU.ActiveCfg = Debug|Any CPU
		{7D98BE6B-15D8-41EE-A5E4-8A70BB1137E2}.Debug|Any CPU.Build.0 = Debug|Any CPU
		{7D98BE6B-15D8-41EE-A5E4-8A70BB1137E2}.Release|Any CPU.ActiveCfg = Release|Any CPU
		{7D98BE6B-15D8-41EE-A5E4-8A70BB1137E2}.Release|Any CPU.Build.0 = Release|Any CPU
		{3BEAD2F9-A87F-4CF3-B9D2-E966352B3FEB}.Debug|Any CPU.ActiveCfg = Debug|Any CPU
		{3BEAD2F9-A87F-4CF3-B9D2-E966352B3FEB}.Debug|Any CPU.Build.0 = Debug|Any CPU
		{3BEAD2F9-A87F-4CF3-B9D2-E966352B3FEB}.Release|Any CPU.ActiveCfg = Release|Any CPU
		{3BEAD2F9-A87F-4CF3-B9D2-E966352B3FEB}.Release|Any CPU.Build.0 = Release|Any CPU
		{B8F46DF0-239A-43C4-AC40-61625A7DC1E5}.Debug|Any CPU.ActiveCfg = Debug|Any CPU
		{B8F46DF0-239A-43C4-AC40-61625A7DC1E5}.Debug|Any CPU.Build.0 = Debug|Any CPU
		{B8F46DF0-239A-43C4-AC40-61625A7DC1E5}.Release|Any CPU.ActiveCfg = Release|Any CPU
		{B8F46DF0-239A-43C4-AC40-61625A7DC1E5}.Release|Any CPU.Build.0 = Release|Any CPU
	EndGlobalSection
	GlobalSection(SolutionProperties) = preSolution
		HideSolutionNode = FALSE
	EndGlobalSection
	GlobalSection(ExtensibilityGlobals) = postSolution
		SolutionGuid = {979BEAA6-4A76-4357-855D-F49607E8E958}
	EndGlobalSection
EndGlobal
